Microsoft Visual Studio Solution File, Format Version 12.00
# Visual Studio Version 17
VisualStudioVersion = 17.1.32328.378
MinimumVisualStudioVersion = 10.0.40219.1
Project("{FAE04EC0-301F-11D3-BF4B-00C04F79EFBC}") = "KFM_INCLUDED", "KFM_INCLUDED.csproj", "{C9ABE161-89E3-43B7-BEE8-C5551E0AB5F7}"
EndProject
Project("{2150E333-8FDC-42A3-9474-1A3956D46DE8}") = "Solution Items", "Solution Items", "{883AE693-1E6F-4614-A470-03DE2D3E4D64}"
	ProjectSection(SolutionItems) = preProject
		KFM_INCLUDED.exe.config = KFM_INCLUDED.exe.config
	EndProjectSection
EndProject
Global
	GlobalSection(SolutionConfigurationPlatforms) = preSolution
		Debug|Any CPU = Debug|Any CPU
		Release|Any CPU = Release|Any CPU
	EndGlobalSection
	GlobalSection(ProjectConfigurationPlatforms) = postSolution
		{C9ABE161-89E3-43B7-BEE8-C5551E0AB5F7}.Debug|Any CPU.ActiveCfg = Debug|Any CPU
		{C9ABE161-89E3-43B7-BEE8-C5551E0AB5F7}.Debug|Any CPU.Build.0 = Debug|Any CPU
		{C9ABE161-89E3-43B7-BEE8-C5551E0AB5F7}.Release|Any CPU.ActiveCfg = Release|Any CPU
		{C9ABE161-89E3-43B7-BEE8-C5551E0AB5F7}.Release|Any CPU.Build.0 = Release|Any CPU
	EndGlobalSection
	GlobalSection(SolutionProperties) = preSolution
		HideSolutionNode = FALSE
	EndGlobalSection
	GlobalSection(ExtensibilityGlobals) = postSolution
		SolutionGuid = {9CBAF81C-7431-4952-B122-CAAC0CD12DD3}
	EndGlobalSection
EndGlobal
